
Microsoft Visual Studio Solution File, Format Version 12.00
# Visual Studio 2013
VisualStudioVersion = 12.0.30324.0
MinimumVisualStudioVersion = 10.0.40219.1
Project("{FAE04EC0-301F-11D3-BF4B-00C04F79EFBC}") = "FactoryExample", "FactoryExample\FactoryExample.csproj", "{892876EA-63D6-428C-927E-4A0812A39D22}"
EndProject
Project("{FAE04EC0-301F-11D3-BF4B-00C04F79EFBC}") = "AbstractFactoryExample", "AbstractFactoryExample\AbstractFactoryExample.csproj", "{5F67885C-8CCF-43BC-8CFC-8B80459B3742}"
EndProject
Project("{FAE04EC0-301F-11D3-BF4B-00C04F79EFBC}") = "PrototypeExample", "PrototypeExample\PrototypeExample.csproj", "{8F771725-B04B-4BFD-A96D-5508C77C0361}"
EndProject
Project("{FAE04EC0-301F-11D3-BF4B-00C04F79EFBC}") = "BuilderExample", "BuilderExample\BuilderExample.csproj", "{F4AE307A-C168-496B-8B81-2981145237CA}"
EndProject
Global
	GlobalSection(SolutionConfigurationPlatforms) = preSolution
		Debug|Any CPU = Debug|Any CPU
		Release|Any CPU = Release|Any CPU
	EndGlobalSection
	GlobalSection(ProjectConfigurationPlatforms) = postSolution
		{892876EA-63D6-428C-927E-4A0812A39D22}.Debug|Any CPU.ActiveCfg = Debug|Any CPU
		{892876EA-63D6-428C-927E-4A0812A39D22}.Debug|Any CPU.Build.0 = Debug|Any CPU
		{892876EA-63D6-428C-927E-4A0812A39D22}.Release|Any CPU.ActiveCfg = Release|Any CPU
		{892876EA-63D6-428C-927E-4A0812A39D22}.Release|Any CPU.Build.0 = Release|Any CPU
		{5F67885C-8CCF-43BC-8CFC-8B80459B3742}.Debug|Any CPU.ActiveCfg = Debug|Any CPU
		{5F67885C-8CCF-43BC-8CFC-8B80459B3742}.Debug|Any CPU.Build.0 = Debug|Any CPU
		{5F67885C-8CCF-43BC-8CFC-8B80459B3742}.Release|Any CPU.ActiveCfg = Release|Any CPU
		{5F67885C-8CCF-43BC-8CFC-8B80459B3742}.Release|Any CPU.Build.0 = Release|Any CPU
		{8F771725-B04B-4BFD-A96D-5508C77C0361}.Debug|Any CPU.ActiveCfg = Debug|Any CPU
		{8F771725-B04B-4BFD-A96D-5508C77C0361}.Debug|Any CPU.Build.0 = Debug|Any CPU
		{8F771725-B04B-4BFD-A96D-5508C77C0361}.Release|Any CPU.ActiveCfg = Release|Any CPU
		{8F771725-B04B-4BFD-A96D-5508C77C0361}.Release|Any CPU.Build.0 = Release|Any CPU
		{F4AE307A-C168-496B-8B81-2981145237CA}.Debug|Any CPU.ActiveCfg = Debug|Any CPU
		{F4AE307A-C168-496B-8B81-2981145237CA}.Debug|Any CPU.Build.0 = Debug|Any CPU
		{F4AE307A-C168-496B-8B81-2981145237CA}.Release|Any CPU.ActiveCfg = Release|Any CPU
		{F4AE307A-C168-496B-8B81-2981145237CA}.Release|Any CPU.Build.0 = Release|Any CPU
	EndGlobalSection
	GlobalSection(SolutionProperties) = preSolution
		HideSolutionNode = FALSE
	EndGlobalSection
EndGlobal
