
Microsoft Visual Studio Solution File, Format Version 11.00
# Visual Studio 2010
Project("{FAE04EC0-301F-11D3-BF4B-00C04F79EFBC}") = "BasicProxy", "BasicProxy\BasicProxy.csproj", "{6CFE817C-4200-40EA-A333-232571939CA6}"
EndProject
Project("{FAE04EC0-301F-11D3-BF4B-00C04F79EFBC}") = "CachingProxy", "CachingProxy\CachingProxy.csproj", "{14DADD9E-DD64-4D79-8CA0-5EF3E9D9203D}"
EndProject
Global
	GlobalSection(SolutionConfigurationPlatforms) = preSolution
		Debug|x86 = Debug|x86
		Release|x86 = Release|x86
	EndGlobalSection
	GlobalSection(ProjectConfigurationPlatforms) = postSolution
		{6CFE817C-4200-40EA-A333-232571939CA6}.Debug|x86.ActiveCfg = Debug|x86
		{6CFE817C-4200-40EA-A333-232571939CA6}.Debug|x86.Build.0 = Debug|x86
		{6CFE817C-4200-40EA-A333-232571939CA6}.Release|x86.ActiveCfg = Release|x86
		{6CFE817C-4200-40EA-A333-232571939CA6}.Release|x86.Build.0 = Release|x86
		{14DADD9E-DD64-4D79-8CA0-5EF3E9D9203D}.Debug|x86.ActiveCfg = Debug|x86
		{14DADD9E-DD64-4D79-8CA0-5EF3E9D9203D}.Debug|x86.Build.0 = Debug|x86
		{14DADD9E-DD64-4D79-8CA0-5EF3E9D9203D}.Release|x86.ActiveCfg = Release|x86
		{14DADD9E-DD64-4D79-8CA0-5EF3E9D9203D}.Release|x86.Build.0 = Release|x86
	EndGlobalSection
	GlobalSection(SolutionProperties) = preSolution
		HideSolutionNode = FALSE
	EndGlobalSection
EndGlobal
