
Microsoft Visual Studio Solution File, Format Version 11.00
# Visual Studio 2010
Project("{FAE04EC0-301F-11D3-BF4B-00C04F79EFBC}") = "IteratorExample", "IteratorExample\IteratorExample.csproj", "{415A2866-152B-45AC-8A8E-CCE2BA1239FB}"
EndProject
Project("{FAE04EC0-301F-11D3-BF4B-00C04F79EFBC}") = "CompositeExample", "CompositeExample\CompositeExample.csproj", "{CFAF9B9D-CEBB-4B95-B917-2D9306E8ACC9}"
EndProject
Project("{FAE04EC0-301F-11D3-BF4B-00C04F79EFBC}") = "VisitorExample", "VisitorExample\VisitorExample.csproj", "{6DD3383A-B488-4D31-BA88-D484976D4D37}"
EndProject
Global
	GlobalSection(SolutionConfigurationPlatforms) = preSolution
		Debug|x86 = Debug|x86
		Release|x86 = Release|x86
	EndGlobalSection
	GlobalSection(ProjectConfigurationPlatforms) = postSolution
		{415A2866-152B-45AC-8A8E-CCE2BA1239FB}.Debug|x86.ActiveCfg = Debug|x86
		{415A2866-152B-45AC-8A8E-CCE2BA1239FB}.Debug|x86.Build.0 = Debug|x86
		{415A2866-152B-45AC-8A8E-CCE2BA1239FB}.Release|x86.ActiveCfg = Release|x86
		{415A2866-152B-45AC-8A8E-CCE2BA1239FB}.Release|x86.Build.0 = Release|x86
		{CFAF9B9D-CEBB-4B95-B917-2D9306E8ACC9}.Debug|x86.ActiveCfg = Debug|x86
		{CFAF9B9D-CEBB-4B95-B917-2D9306E8ACC9}.Debug|x86.Build.0 = Debug|x86
		{CFAF9B9D-CEBB-4B95-B917-2D9306E8ACC9}.Release|x86.ActiveCfg = Release|x86
		{CFAF9B9D-CEBB-4B95-B917-2D9306E8ACC9}.Release|x86.Build.0 = Release|x86
		{6DD3383A-B488-4D31-BA88-D484976D4D37}.Debug|x86.ActiveCfg = Debug|x86
		{6DD3383A-B488-4D31-BA88-D484976D4D37}.Debug|x86.Build.0 = Debug|x86
		{6DD3383A-B488-4D31-BA88-D484976D4D37}.Release|x86.ActiveCfg = Release|x86
		{6DD3383A-B488-4D31-BA88-D484976D4D37}.Release|x86.Build.0 = Release|x86
	EndGlobalSection
	GlobalSection(SolutionProperties) = preSolution
		HideSolutionNode = FALSE
	EndGlobalSection
EndGlobal
